<?xml version="1.0" encoding="UTF-8"?>
<Project ToolsVersion="14.0" xmlns="http://schemas.microsoft.com/developer/msbuild/2003">
  <ItemGroup>
    <CustomBuild Include="D:\cartographer-windows\Projects\cartographer_build_x64\CMakeFiles\acfe299968e8c60ed534a8f7cb9d8df3\generate.stamp.rule">
      <Filter>CMake Rules</Filter>
    </CustomBuild>
  </ItemGroup>
  <ItemGroup>
    <Filter Include="CMake Rules">
      <UniqueIdentifier>{9EA0D7AE-E0BE-3A49-88AB-774C85E641FB}</UniqueIdentifier>
    </Filter>
  </ItemGroup>
</Project>
